
Microsoft Visual Studio Solution File, Format Version 12.00
# Visual Studio Version 16
VisualStudioVersion = 16.0.30907.101
MinimumVisualStudioVersion = 10.0.40219.1
Project("{9A19103F-16F7-4668-BE54-9A1E7A4F7556}") = "Old.Mineman.Web", "Old.Mineman.Web\Old.Mineman.Web.csproj", "{2F9BEE21-966E-484A-9577-F8E975097273}"
EndProject
Project("{9A19103F-16F7-4668-BE54-9A1E7A4F7556}") = "Mineman.Service", "Mineman.Service\Mineman.Service.csproj", "{37E5B38B-823B-4717-97E6-34639C5460F2}"
EndProject
Project("{9A19103F-16F7-4668-BE54-9A1E7A4F7556}") = "Mineman.Common", "Mineman.Common\Mineman.Common.csproj", "{9B84DA47-89E7-46ED-880A-831482754490}"
EndProject
Project("{9A19103F-16F7-4668-BE54-9A1E7A4F7556}") = "Mineman.Service.Tests", "Mineman.Service.Tests\Mineman.Service.Tests.csproj", "{9C72565D-3A66-46EA-90A1-78C2553045A6}"
EndProject
Project("{9A19103F-16F7-4668-BE54-9A1E7A4F7556}") = "Mineman.WorldParsing", "Mineman.WorldParsing\Mineman.WorldParsing.csproj", "{790432BC-B491-465F-AB9A-F3A107240415}"
EndProject
Project("{9A19103F-16F7-4668-BE54-9A1E7A4F7556}") = "Mineman.WorldParsing.Tests", "Mineman.WorldParsing.Tests\Mineman.WorldParsing.Tests.csproj", "{DF1100D2-05DA-4EB6-B67B-4EAF1594E530}"
EndProject
Project("{FAE04EC0-301F-11D3-BF4B-00C04F79EFBC}") = "Mineman.Web", "Mineman.Web\Mineman.Web.csproj", "{FEF4E618-482F-4208-AF2E-62152C09A025}"
EndProject
Project("{FAE04EC0-301F-11D3-BF4B-00C04F79EFBC}") = "TinyTokenIssuer", "TinyTokenIssuer\TinyTokenIssuer.csproj", "{EA3E2313-6AA7-43DB-A3B2-0B939643336B}"
EndProject
Global
	GlobalSection(SolutionConfigurationPlatforms) = preSolution
		Debug|Any CPU = Debug|Any CPU
		Release|Any CPU = Release|Any CPU
	EndGlobalSection
	GlobalSection(ProjectConfigurationPlatforms) = postSolution
		{2F9BEE21-966E-484A-9577-F8E975097273}.Debug|Any CPU.ActiveCfg = Debug|Any CPU
		{2F9BEE21-966E-484A-9577-F8E975097273}.Debug|Any CPU.Build.0 = Debug|Any CPU
		{2F9BEE21-966E-484A-9577-F8E975097273}.Release|Any CPU.ActiveCfg = Release|Any CPU
		{2F9BEE21-966E-484A-9577-F8E975097273}.Release|Any CPU.Build.0 = Release|Any CPU
		{37E5B38B-823B-4717-97E6-34639C5460F2}.Debug|Any CPU.ActiveCfg = Debug|Any CPU
		{37E5B38B-823B-4717-97E6-34639C5460F2}.Debug|Any CPU.Build.0 = Debug|Any CPU
		{37E5B38B-823B-4717-97E6-34639C5460F2}.Release|Any CPU.ActiveCfg = Release|Any CPU
		{37E5B38B-823B-4717-97E6-34639C5460F2}.Release|Any CPU.Build.0 = Release|Any CPU
		{9B84DA47-89E7-46ED-880A-831482754490}.Debug|Any CPU.ActiveCfg = Debug|Any CPU
		{9B84DA47-89E7-46ED-880A-831482754490}.Debug|Any CPU.Build.0 = Debug|Any CPU
		{9B84DA47-89E7-46ED-880A-831482754490}.Release|Any CPU.ActiveCfg = Release|Any CPU
		{9B84DA47-89E7-46ED-880A-831482754490}.Release|Any CPU.Build.0 = Release|Any CPU
		{9C72565D-3A66-46EA-90A1-78C2553045A6}.Debug|Any CPU.ActiveCfg = Debug|Any CPU
		{9C72565D-3A66-46EA-90A1-78C2553045A6}.Debug|Any CPU.Build.0 = Debug|Any CPU
		{9C72565D-3A66-46EA-90A1-78C2553045A6}.Release|Any CPU.ActiveCfg = Release|Any CPU
		{9C72565D-3A66-46EA-90A1-78C2553045A6}.Release|Any CPU.Build.0 = Release|Any CPU
		{790432BC-B491-465F-AB9A-F3A107240415}.Debug|Any CPU.ActiveCfg = Debug|Any CPU
		{790432BC-B491-465F-AB9A-F3A107240415}.Debug|Any CPU.Build.0 = Debug|Any CPU
		{790432BC-B491-465F-AB9A-F3A107240415}.Release|Any CPU.ActiveCfg = Release|Any CPU
		{790432BC-B491-465F-AB9A-F3A107240415}.Release|Any CPU.Build.0 = Release|Any CPU
		{DF1100D2-05DA-4EB6-B67B-4EAF1594E530}.Debug|Any CPU.ActiveCfg = Debug|Any CPU
		{DF1100D2-05DA-4EB6-B67B-4EAF1594E530}.Debug|Any CPU.Build.0 = Debug|Any CPU
		{DF1100D2-05DA-4EB6-B67B-4EAF1594E530}.Release|Any CPU.ActiveCfg = Release|Any CPU
		{DF1100D2-05DA-4EB6-B67B-4EAF1594E530}.Release|Any CPU.Build.0 = Release|Any CPU
		{FEF4E618-482F-4208-AF2E-62152C09A025}.Debug|Any CPU.ActiveCfg = Debug|Any CPU
		{FEF4E618-482F-4208-AF2E-62152C09A025}.Debug|Any CPU.Build.0 = Debug|Any CPU
		{FEF4E618-482F-4208-AF2E-62152C09A025}.Release|Any CPU.ActiveCfg = Release|Any CPU
		{FEF4E618-482F-4208-AF2E-62152C09A025}.Release|Any CPU.Build.0 = Release|Any CPU
		{EA3E2313-6AA7-43DB-A3B2-0B939643336B}.Debug|Any CPU.ActiveCfg = Debug|Any CPU
		{EA3E2313-6AA7-43DB-A3B2-0B939643336B}.Debug|Any CPU.Build.0 = Debug|Any CPU
		{EA3E2313-6AA7-43DB-A3B2-0B939643336B}.Release|Any CPU.ActiveCfg = Release|Any CPU
		{EA3E2313-6AA7-43DB-A3B2-0B939643336B}.Release|Any CPU.Build.0 = Release|Any CPU
	EndGlobalSection
	GlobalSection(SolutionProperties) = preSolution
		HideSolutionNode = FALSE
	EndGlobalSection
	GlobalSection(ExtensibilityGlobals) = postSolution
		SolutionGuid = {8CF99028-65D3-4CA8-A7F7-3A515B7A45F6}
	EndGlobalSection
EndGlobal
